
Microsoft Visual Studio Solution File, Format Version 12.00
# Visual Studio Version 16
VisualStudioVersion = 16.0.32929.386
MinimumVisualStudioVersion = 10.0.40219.1
Project("{FAE04EC0-301F-11D3-BF4B-00C04F79EFBC}") = "HomeParser", "HomeParser\HomeParser.csproj", "{23D39C56-AAB2-4217-BF51-1C5C6357E30B}"
EndProject
Global
	GlobalSection(SolutionConfigurationPlatforms) = preSolution
		Debug|Any CPU = Debug|Any CPU
		Release|Any CPU = Release|Any CPU
	EndGlobalSection
	GlobalSection(ProjectConfigurationPlatforms) = postSolution
		{23D39C56-AAB2-4217-BF51-1C5C6357E30B}.Debug|Any CPU.ActiveCfg = Debug|Any CPU
		{23D39C56-AAB2-4217-BF51-1C5C6357E30B}.Debug|Any CPU.Build.0 = Debug|Any CPU
		{23D39C56-AAB2-4217-BF51-1C5C6357E30B}.Release|Any CPU.ActiveCfg = Release|Any CPU
		{23D39C56-AAB2-4217-BF51-1C5C6357E30B}.Release|Any CPU.Build.0 = Release|Any CPU
	EndGlobalSection
	GlobalSection(SolutionProperties) = preSolution
		HideSolutionNode = FALSE
	EndGlobalSection
	GlobalSection(ExtensibilityGlobals) = postSolution
		SolutionGuid = {07FF48CC-1D21-462A-95A1-72FEDC4E5ED1}
	EndGlobalSection
EndGlobal
